// !$*UTF8*$!
{
	archiveVersion = 1;
	classes = {
	};
	objectVersion = 54;
	objects = {

/* Begin PBXBuildFile section */
		00E356F31AD99517003FC87E /* project1Tests.m in Sources */ = {isa = PBXBuildFile; fileRef = 00E356F21AD99517003FC87E /* project1Tests.m */; };
		056532F919C3496AAFB82EFE /* Poppins-SemiBold.ttf in Resources */ = {isa = PBXBuildFile; fileRef = E25AED2CE1B54D69ADF8A738 /* Poppins-SemiBold.ttf */; };
		095EE2F3BF8144B88F2A6213 /* Poppins-Thin.ttf in Resources */ = {isa = PBXBuildFile; fileRef = CA137E4002F7451B9BE9F9DC /* Poppins-Thin.ttf */; };
		11B52180886049289DB1182F /* Poppins-BlackItalic.ttf in Resources */ = {isa = PBXBuildFile; fileRef = D106A3AD81684ED49965EEC7 /* Poppins-BlackItalic.ttf */; };
		13B07FBC1A68108700A75B9A /* AppDelegate.m in Sources */ = {isa = PBXBuildFile; fileRef = 13B07FB01A68108700A75B9A /* AppDelegate.m */; };
		13B07FBF1A68108700A75B9A /* Images.xcassets in Resources */ = {isa = PBXBuildFile; fileRef = 13B07FB51A68108700A75B9A /* Images.xcassets */; };
		13B07FC11A68108700A75B9A /* main.m in Sources */ = {isa = PBXBuildFile; fileRef = 13B07FB71A68108700A75B9A /* main.m */; };
		22721CB2ADEC435F8059D54A /* Poppins-ExtraLightItalic.ttf in Resources */ = {isa = PBXBuildFile; fileRef = DACBD09516024C1187346645 /* Poppins-ExtraLightItalic.ttf */; };
		460EBF51BB0E42A18664EA3A /* Poppins-Medium.ttf in Resources */ = {isa = PBXBuildFile; fileRef = 7EA845EF676B488D9737C5B0 /* Poppins-Medium.ttf */; };
		594CF228D78F44399A8EE3DE /* Poppins-SemiBoldItalic.ttf in Resources */ = {isa = PBXBuildFile; fileRef = 405DDF846E90478EA3C7D958 /* Poppins-SemiBoldItalic.ttf */; };
		7063C5F288B790653048E89D /* libPods-project1.a in Frameworks */ = {isa = PBXBuildFile; fileRef = 54BFCC0E59E77B4A58FA949E /* libPods-project1.a */; };
		70C05F3A05004BE7AD4E69DB /* Poppins-Light.ttf in Resources */ = {isa = PBXBuildFile; fileRef = 4F3C04107F224A6CADDDD679 /* Poppins-Light.ttf */; };
		81AB9BB82411601600AC10FF /* LaunchScreen.storyboard in Resources */ = {isa = PBXBuildFile; fileRef = 81AB9BB72411601600AC10FF /* LaunchScreen.storyboard */; };
		84415A1EC4CB4B5BACDCB9CC /* Poppins-BoldItalic.ttf in Resources */ = {isa = PBXBuildFile; fileRef = 07CD5EBC57AC409381DEB048 /* Poppins-BoldItalic.ttf */; };
		A02D629960874B71BF872F5A /* Poppins-LightItalic.ttf in Resources */ = {isa = PBXBuildFile; fileRef = 390DB0FF3CE040198BA02001 /* Poppins-LightItalic.ttf */; };
		A1CE93A7E85E4F4C9ACFA8B2 /* Poppins-ExtraBoldItalic.ttf in Resources */ = {isa = PBXBuildFile; fileRef = 2F1C11745D7440CCAEE05547 /* Poppins-ExtraBoldItalic.ttf */; };
		B69824CA782F49FFB4F0D143 /* Poppins-ThinItalic.ttf in Resources */ = {isa = PBXBuildFile; fileRef = 72B1B9E4DEBA48B7B077F611 /* Poppins-ThinItalic.ttf */; };
		BA2FB11B3CBE445D9C5FCA06 /* Poppins-Italic.ttf in Resources */ = {isa = PBXBuildFile; fileRef = D93BDA764DF74EAC866FD113 /* Poppins-Italic.ttf */; };
		BEBDAB56D7B34A9384A5D5AF /* Poppins-ExtraBold.ttf in Resources */ = {isa = PBXBuildFile; fileRef = F805D95352E64B6B86837295 /* Poppins-ExtraBold.ttf */; };
		BF1374C65F3F44CFB4116936 /* Poppins-ExtraLight.ttf in Resources */ = {isa = PBXBuildFile; fileRef = 5D46797154E94D968038DC4E /* Poppins-ExtraLight.ttf */; };
		C74150CFE0434082BA37F5AC /* Poppins-Regular.ttf in Resources */ = {isa = PBXBuildFile; fileRef = 8033489276C348D382F64562 /* Poppins-Regular.ttf */; };
		D1376F0BBD134587A8B38498 /* Poppins-MediumItalic.ttf in Resources */ = {isa = PBXBuildFile; fileRef = C9F602EB523C45C485F474AA /* Poppins-MediumItalic.ttf */; };
		DC68A1728B2B45EF92740405 /* Poppins-Black.ttf in Resources */ = {isa = PBXBuildFile; fileRef = D5205E7214694A009A50C852 /* Poppins-Black.ttf */; };
		F9E4CD65A2D94E669D7EACCE /* Poppins-Bold.ttf in Resources */ = {isa = PBXBuildFile; fileRef = BFB5CF025CC34091AEF36C4F /* Poppins-Bold.ttf */; };
		FBFD9CFD5DB950D9865C2149 /* libPods-project1-project1Tests.a in Frameworks */ = {isa = PBXBuildFile; fileRef = D7F2D5C2168873AD56BA46F8 /* libPods-project1-project1Tests.a */; };
		378DF9CBD6DB43C19B3FB0D9 /* AntDesign.ttf in Resources */ = {isa = PBXBuildFile; fileRef = D22DC0FE912445CF94BB8C79 /* AntDesign.ttf */; };
		358C3846B41C4F598EF66D39 /* Entypo.ttf in Resources */ = {isa = PBXBuildFile; fileRef = DFF500112FA448A8A7680D0F /* Entypo.ttf */; };
		AE0A590A29114CF0B05ECF6D /* EvilIcons.ttf in Resources */ = {isa = PBXBuildFile; fileRef = 09CAC78B500E4A1CB376CBA5 /* EvilIcons.ttf */; };
		D6AD79A9A26D4D5A9EEF6763 /* Feather.ttf in Resources */ = {isa = PBXBuildFile; fileRef = D2A2A539A3384D08B451CC7C /* Feather.ttf */; };
		C0444CA0E8A545F6AFFDBACA /* FontAwesome.ttf in Resources */ = {isa = PBXBuildFile; fileRef = FBDF7F89BF4246A8ADBAC186 /* FontAwesome.ttf */; };
		4F0FD14D7AA04E07B2505515 /* FontAwesome5_Brands.ttf in Resources */ = {isa = PBXBuildFile; fileRef = C91BFD1DC3D0416A97A801D5 /* FontAwesome5_Brands.ttf */; };
		10A87129C3CB44988D4452AF /* FontAwesome5_Regular.ttf in Resources */ = {isa = PBXBuildFile; fileRef = BEFEE9D40E774BC2947EC4BD /* FontAwesome5_Regular.ttf */; };
		E258C0E304814F1CB11EF4A6 /* FontAwesome5_Solid.ttf in Resources */ = {isa = PBXBuildFile; fileRef = E73901E6600441DBA508F4C9 /* FontAwesome5_Solid.ttf */; };
		95EC9DCFC14C4C09B967CA41 /* Fontisto.ttf in Resources */ = {isa = PBXBuildFile; fileRef = 1586E75A74C647F59D61DBB5 /* Fontisto.ttf */; };
		A2AE0C0E38484849B44A3C76 /* Foundation.ttf in Resources */ = {isa = PBXBuildFile; fileRef = 87597B6644DF419AA5D1C3B7 /* Foundation.ttf */; };
		75E5CEB8B7AF4926A29B5639 /* Ionicons.ttf in Resources */ = {isa = PBXBuildFile; fileRef = E38637790BD3469080CF648D /* Ionicons.ttf */; };
		467038A87F9841B59E245833 /* MaterialCommunityIcons.ttf in Resources */ = {isa = PBXBuildFile; fileRef = 462490C16978475E939AE106 /* MaterialCommunityIcons.ttf */; };
		0A29F25554E94A648A4A528D /* MaterialIcons.ttf in Resources */ = {isa = PBXBuildFile; fileRef = 9A602684D9DB4686B3BE79E3 /* MaterialIcons.ttf */; };
		5614104703D44ACA81D713B8 /* Octicons.ttf in Resources */ = {isa = PBXBuildFile; fileRef = 19E9E9AE0BC1468BB00FFD5D /* Octicons.ttf */; };
		A31D080C050C4E0DA5FE09EC /* SimpleLineIcons.ttf in Resources */ = {isa = PBXBuildFile; fileRef = 6AD3792BE4EA4C8EB2B56C79 /* SimpleLineIcons.ttf */; };
		099B9FB5E9EA4186BDAD7A57 /* Zocial.ttf in Resources */ = {isa = PBXBuildFile; fileRef = 38A2D09CCFA648129D4D92FD /* Zocial.ttf */; };
/* End PBXBuildFile section */

/* Begin PBXContainerItemProxy section */
		00E356F41AD99517003FC87E /* PBXContainerItemProxy */ = {
			isa = PBXContainerItemProxy;
			containerPortal = 83CBB9F71A601CBA00E9B192 /* Project object */;
			proxyType = 1;
			remoteGlobalIDString = 13B07F861A680F5B00A75B9A;
			remoteInfo = project1;
		};
/* End PBXContainerItemProxy section */

/* Begin PBXFileReference section */
		00E356EE1AD99517003FC87E /* project1Tests.xctest */ = {isa = PBXFileReference; explicitFileType = wrapper.cfbundle; includeInIndex = 0; path = project1Tests.xctest; sourceTree = BUILT_PRODUCTS_DIR; };
		00E356F11AD99517003FC87E /* Info.plist */ = {isa = PBXFileReference; lastKnownFileType = text.plist.xml; path = Info.plist; sourceTree = "<group>"; };
		00E356F21AD99517003FC87E /* project1Tests.m */ = {isa = PBXFileReference; lastKnownFileType = sourcecode.c.objc; path = project1Tests.m; sourceTree = "<group>"; };
		07CD5EBC57AC409381DEB048 /* Poppins-BoldItalic.ttf */ = {isa = PBXFileReference; explicitFileType = undefined; fileEncoding = undefined; includeInIndex = 0; lastKnownFileType = unknown; name = "Poppins-BoldItalic.ttf"; path = "../assets/fonts/Poppins/Poppins-BoldItalic.ttf"; sourceTree = "<group>"; };
		13B07F961A680F5B00A75B9A /* project1.app */ = {isa = PBXFileReference; explicitFileType = wrapper.application; includeInIndex = 0; path = project1.app; sourceTree = BUILT_PRODUCTS_DIR; };
		13B07FAF1A68108700A75B9A /* AppDelegate.h */ = {isa = PBXFileReference; fileEncoding = 4; lastKnownFileType = sourcecode.c.h; name = AppDelegate.h; path = project1/AppDelegate.h; sourceTree = "<group>"; };
		13B07FB01A68108700A75B9A /* AppDelegate.m */ = {isa = PBXFileReference; fileEncoding = 4; lastKnownFileType = sourcecode.c.objc; name = AppDelegate.m; path = project1/AppDelegate.m; sourceTree = "<group>"; };
		13B07FB51A68108700A75B9A /* Images.xcassets */ = {isa = PBXFileReference; lastKnownFileType = folder.assetcatalog; name = Images.xcassets; path = project1/Images.xcassets; sourceTree = "<group>"; };
		13B07FB61A68108700A75B9A /* Info.plist */ = {isa = PBXFileReference; fileEncoding = 4; lastKnownFileType = text.plist.xml; name = Info.plist; path = project1/Info.plist; sourceTree = "<group>"; };
		13B07FB71A68108700A75B9A /* main.m */ = {isa = PBXFileReference; fileEncoding = 4; lastKnownFileType = sourcecode.c.objc; name = main.m; path = project1/main.m; sourceTree = "<group>"; };
		27CBCFCB39A58EA56D63FD95 /* Pods-project1-project1Tests.release.xcconfig */ = {isa = PBXFileReference; includeInIndex = 1; lastKnownFileType = text.xcconfig; name = "Pods-project1-project1Tests.release.xcconfig"; path = "Target Support Files/Pods-project1-project1Tests/Pods-project1-project1Tests.release.xcconfig"; sourceTree = "<group>"; };
		2D515DCA96DAF94ACBB52799 /* Pods-project1.release.xcconfig */ = {isa = PBXFileReference; includeInIndex = 1; lastKnownFileType = text.xcconfig; name = "Pods-project1.release.xcconfig"; path = "Target Support Files/Pods-project1/Pods-project1.release.xcconfig"; sourceTree = "<group>"; };
		2F1C11745D7440CCAEE05547 /* Poppins-ExtraBoldItalic.ttf */ = {isa = PBXFileReference; explicitFileType = undefined; fileEncoding = undefined; includeInIndex = 0; lastKnownFileType = unknown; name = "Poppins-ExtraBoldItalic.ttf"; path = "../assets/fonts/Poppins/Poppins-ExtraBoldItalic.ttf"; sourceTree = "<group>"; };
		390DB0FF3CE040198BA02001 /* Poppins-LightItalic.ttf */ = {isa = PBXFileReference; explicitFileType = undefined; fileEncoding = undefined; includeInIndex = 0; lastKnownFileType = unknown; name = "Poppins-LightItalic.ttf"; path = "../assets/fonts/Poppins/Poppins-LightItalic.ttf"; sourceTree = "<group>"; };
		405DDF846E90478EA3C7D958 /* Poppins-SemiBoldItalic.ttf */ = {isa = PBXFileReference; explicitFileType = undefined; fileEncoding = undefined; includeInIndex = 0; lastKnownFileType = unknown; name = "Poppins-SemiBoldItalic.ttf"; path = "../assets/fonts/Poppins/Poppins-SemiBoldItalic.ttf"; sourceTree = "<group>"; };
		4F3C04107F224A6CADDDD679 /* Poppins-Light.ttf */ = {isa = PBXFileReference; explicitFileType = undefined; fileEncoding = undefined; includeInIndex = 0; lastKnownFileType = unknown; name = "Poppins-Light.ttf"; path = "../assets/fonts/Poppins/Poppins-Light.ttf"; sourceTree = "<group>"; };
		54BFCC0E59E77B4A58FA949E /* libPods-project1.a */ = {isa = PBXFileReference; explicitFileType = archive.ar; includeInIndex = 0; path = "libPods-project1.a"; sourceTree = BUILT_PRODUCTS_DIR; };
		5D46797154E94D968038DC4E /* Poppins-ExtraLight.ttf */ = {isa = PBXFileReference; explicitFileType = undefined; fileEncoding = undefined; includeInIndex = 0; lastKnownFileType = unknown; name = "Poppins-ExtraLight.ttf"; path = "../assets/fonts/Poppins/Poppins-ExtraLight.ttf"; sourceTree = "<group>"; };
		725686D525700D716397DDF9 /* Pods-project1.debug.xcconfig */ = {isa = PBXFileReference; includeInIndex = 1; lastKnownFileType = text.xcconfig; name = "Pods-project1.debug.xcconfig"; path = "Target Support Files/Pods-project1/Pods-project1.debug.xcconfig"; sourceTree = "<group>"; };
		72B1B9E4DEBA48B7B077F611 /* Poppins-ThinItalic.ttf */ = {isa = PBXFileReference; explicitFileType = undefined; fileEncoding = undefined; includeInIndex = 0; lastKnownFileType = unknown; name = "Poppins-ThinItalic.ttf"; path = "../assets/fonts/Poppins/Poppins-ThinItalic.ttf"; sourceTree = "<group>"; };
		7EA845EF676B488D9737C5B0 /* Poppins-Medium.ttf */ = {isa = PBXFileReference; explicitFileType = undefined; fileEncoding = undefined; includeInIndex = 0; lastKnownFileType = unknown; name = "Poppins-Medium.ttf"; path = "../assets/fonts/Poppins/Poppins-Medium.ttf"; sourceTree = "<group>"; };
		8033489276C348D382F64562 /* Poppins-Regular.ttf */ = {isa = PBXFileReference; explicitFileType = undefined; fileEncoding = undefined; includeInIndex = 0; lastKnownFileType = unknown; name = "Poppins-Regular.ttf"; path = "../assets/fonts/Poppins/Poppins-Regular.ttf"; sourceTree = "<group>"; };
		81AB9BB72411601600AC10FF /* LaunchScreen.storyboard */ = {isa = PBXFileReference; fileEncoding = 4; lastKnownFileType = file.storyboard; name = LaunchScreen.storyboard; path = project1/LaunchScreen.storyboard; sourceTree = "<group>"; };
		BFB5CF025CC34091AEF36C4F /* Poppins-Bold.ttf */ = {isa = PBXFileReference; explicitFileType = undefined; fileEncoding = undefined; includeInIndex = 0; lastKnownFileType = unknown; name = "Poppins-Bold.ttf"; path = "../assets/fonts/Poppins/Poppins-Bold.ttf"; sourceTree = "<group>"; };
		C9F602EB523C45C485F474AA /* Poppins-MediumItalic.ttf */ = {isa = PBXFileReference; explicitFileType = undefined; fileEncoding = undefined; includeInIndex = 0; lastKnownFileType = unknown; name = "Poppins-MediumItalic.ttf"; path = "../assets/fonts/Poppins/Poppins-MediumItalic.ttf"; sourceTree = "<group>"; };
		CA137E4002F7451B9BE9F9DC /* Poppins-Thin.ttf */ = {isa = PBXFileReference; explicitFileType = undefined; fileEncoding = undefined; includeInIndex = 0; lastKnownFileType = unknown; name = "Poppins-Thin.ttf"; path = "../assets/fonts/Poppins/Poppins-Thin.ttf"; sourceTree = "<group>"; };
		D106A3AD81684ED49965EEC7 /* Poppins-BlackItalic.ttf */ = {isa = PBXFileReference; explicitFileType = undefined; fileEncoding = undefined; includeInIndex = 0; lastKnownFileType = unknown; name = "Poppins-BlackItalic.ttf"; path = "../assets/fonts/Poppins/Poppins-BlackItalic.ttf"; sourceTree = "<group>"; };
		D5205E7214694A009A50C852 /* Poppins-Black.ttf */ = {isa = PBXFileReference; explicitFileType = undefined; fileEncoding = undefined; includeInIndex = 0; lastKnownFileType = unknown; name = "Poppins-Black.ttf"; path = "../assets/fonts/Poppins/Poppins-Black.ttf"; sourceTree = "<group>"; };
		D7F2D5C2168873AD56BA46F8 /* libPods-project1-project1Tests.a */ = {isa = PBXFileReference; explicitFileType = archive.ar; includeInIndex = 0; path = "libPods-project1-project1Tests.a"; sourceTree = BUILT_PRODUCTS_DIR; };
		D93BDA764DF74EAC866FD113 /* Poppins-Italic.ttf */ = {isa = PBXFileReference; explicitFileType = undefined; fileEncoding = undefined; includeInIndex = 0; lastKnownFileType = unknown; name = "Poppins-Italic.ttf"; path = "../assets/fonts/Poppins/Poppins-Italic.ttf"; sourceTree = "<group>"; };
		DACBD09516024C1187346645 /* Poppins-ExtraLightItalic.ttf */ = {isa = PBXFileReference; explicitFileType = undefined; fileEncoding = undefined; includeInIndex = 0; lastKnownFileType = unknown; name = "Poppins-ExtraLightItalic.ttf"; path = "../assets/fonts/Poppins/Poppins-ExtraLightItalic.ttf"; sourceTree = "<group>"; };
		E25AED2CE1B54D69ADF8A738 /* Poppins-SemiBold.ttf */ = {isa = PBXFileReference; explicitFileType = undefined; fileEncoding = undefined; includeInIndex = 0; lastKnownFileType = unknown; name = "Poppins-SemiBold.ttf"; path = "../assets/fonts/Poppins/Poppins-SemiBold.ttf"; sourceTree = "<group>"; };
		ED297162215061F000B7C4FE /* JavaScriptCore.framework */ = {isa = PBXFileReference; lastKnownFileType = wrapper.framework; name = JavaScriptCore.framework; path = System/Library/Frameworks/JavaScriptCore.framework; sourceTree = SDKROOT; };
		F5AAFFDAAF43E4CA2B2D8B40 /* Pods-project1-project1Tests.debug.xcconfig */ = {isa = PBXFileReference; includeInIndex = 1; lastKnownFileType = text.xcconfig; name = "Pods-project1-project1Tests.debug.xcconfig"; path = "Target Support Files/Pods-project1-project1Tests/Pods-project1-project1Tests.debug.xcconfig"; sourceTree = "<group>"; };
		F805D95352E64B6B86837295 /* Poppins-ExtraBold.ttf */ = {isa = PBXFileReference; explicitFileType = undefined; fileEncoding = undefined; includeInIndex = 0; lastKnownFileType = unknown; name = "Poppins-ExtraBold.ttf"; path = "../assets/fonts/Poppins/Poppins-ExtraBold.ttf"; sourceTree = "<group>"; };
		D22DC0FE912445CF94BB8C79 /* AntDesign.ttf */ = {isa = PBXFileReference; name = "AntDesign.ttf"; path = "../node_modules/react-native-vector-icons/Fonts/AntDesign.ttf"; sourceTree = "<group>"; fileEncoding = undefined; lastKnownFileType = unknown; explicitFileType = undefined; includeInIndex = 0; };
		DFF500112FA448A8A7680D0F /* Entypo.ttf */ = {isa = PBXFileReference; name = "Entypo.ttf"; path = "../node_modules/react-native-vector-icons/Fonts/Entypo.ttf"; sourceTree = "<group>"; fileEncoding = undefined; lastKnownFileType = unknown; explicitFileType = undefined; includeInIndex = 0; };
		09CAC78B500E4A1CB376CBA5 /* EvilIcons.ttf */ = {isa = PBXFileReference; name = "EvilIcons.ttf"; path = "../node_modules/react-native-vector-icons/Fonts/EvilIcons.ttf"; sourceTree = "<group>"; fileEncoding = undefined; lastKnownFileType = unknown; explicitFileType = undefined; includeInIndex = 0; };
		D2A2A539A3384D08B451CC7C /* Feather.ttf */ = {isa = PBXFileReference; name = "Feather.ttf"; path = "../node_modules/react-native-vector-icons/Fonts/Feather.ttf"; sourceTree = "<group>"; fileEncoding = undefined; lastKnownFileType = unknown; explicitFileType = undefined; includeInIndex = 0; };
		FBDF7F89BF4246A8ADBAC186 /* FontAwesome.ttf */ = {isa = PBXFileReference; name = "FontAwesome.ttf"; path = "../node_modules/react-native-vector-icons/Fonts/FontAwesome.ttf"; sourceTree = "<group>"; fileEncoding = undefined; lastKnownFileType = unknown; explicitFileType = undefined; includeInIndex = 0; };
		C91BFD1DC3D0416A97A801D5 /* FontAwesome5_Brands.ttf */ = {isa = PBXFileReference; name = "FontAwesome5_Brands.ttf"; path = "../node_modules/react-native-vector-icons/Fonts/FontAwesome5_Brands.ttf"; sourceTree = "<group>"; fileEncoding = undefined; lastKnownFileType = unknown; explicitFileType = undefined; includeInIndex = 0; };
		BEFEE9D40E774BC2947EC4BD /* FontAwesome5_Regular.ttf */ = {isa = PBXFileReference; name = "FontAwesome5_Regular.ttf"; path = "../node_modules/react-native-vector-icons/Fonts/FontAwesome5_Regular.ttf"; sourceTree = "<group>"; fileEncoding = undefined; lastKnownFileType = unknown; explicitFileType = undefined; includeInIndex = 0; };
		E73901E6600441DBA508F4C9 /* FontAwesome5_Solid.ttf */ = {isa = PBXFileReference; name = "FontAwesome5_Solid.ttf"; path = "../node_modules/react-native-vector-icons/Fonts/FontAwesome5_Solid.ttf"; sourceTree = "<group>"; fileEncoding = undefined; lastKnownFileType = unknown; explicitFileType = undefined; includeInIndex = 0; };
		1586E75A74C647F59D61DBB5 /* Fontisto.ttf */ = {isa = PBXFileReference; name = "Fontisto.ttf"; path = "../node_modules/react-native-vector-icons/Fonts/Fontisto.ttf"; sourceTree = "<group>"; fileEncoding = undefined; lastKnownFileType = unknown; explicitFileType = undefined; includeInIndex = 0; };
		87597B6644DF419AA5D1C3B7 /* Foundation.ttf */ = {isa = PBXFileReference; name = "Foundation.ttf"; path = "../node_modules/react-native-vector-icons/Fonts/Foundation.ttf"; sourceTree = "<group>"; fileEncoding = undefined; lastKnownFileType = unknown; explicitFileType = undefined; includeInIndex = 0; };
		E38637790BD3469080CF648D /* Ionicons.ttf */ = {isa = PBXFileReference; name = "Ionicons.ttf"; path = "../node_modules/react-native-vector-icons/Fonts/Ionicons.ttf"; sourceTree = "<group>"; fileEncoding = undefined; lastKnownFileType = unknown; explicitFileType = undefined; includeInIndex = 0; };
		462490C16978475E939AE106 /* MaterialCommunityIcons.ttf */ = {isa = PBXFileReference; name = "MaterialCommunityIcons.ttf"; path = "../node_modules/react-native-vector-icons/Fonts/MaterialCommunityIcons.ttf"; sourceTree = "<group>"; fileEncoding = undefined; lastKnownFileType = unknown; explicitFileType = undefined; includeInIndex = 0; };
		9A602684D9DB4686B3BE79E3 /* MaterialIcons.ttf */ = {isa = PBXFileReference; name = "MaterialIcons.ttf"; path = "../node_modules/react-native-vector-icons/Fonts/MaterialIcons.ttf"; sourceTree = "<group>"; fileEncoding = undefined; lastKnownFileType = unknown; explicitFileType = undefined; includeInIndex = 0; };
		19E9E9AE0BC1468BB00FFD5D /* Octicons.ttf */ = {isa = PBXFileReference; name = "Octicons.ttf"; path = "../node_modules/react-native-vector-icons/Fonts/Octicons.ttf"; sourceTree = "<group>"; fileEncoding = undefined; lastKnownFileType = unknown; explicitFileType = undefined; includeInIndex = 0; };
		6AD3792BE4EA4C8EB2B56C79 /* SimpleLineIcons.ttf */ = {isa = PBXFileReference; name = "SimpleLineIcons.ttf"; path = "../node_modules/react-native-vector-icons/Fonts/SimpleLineIcons.ttf"; sourceTree = "<group>"; fileEncoding = undefined; lastKnownFileType = unknown; explicitFileType = undefined; includeInIndex = 0; };
		38A2D09CCFA648129D4D92FD /* Zocial.ttf */ = {isa = PBXFileReference; name = "Zocial.ttf"; path = "../node_modules/react-native-vector-icons/Fonts/Zocial.ttf"; sourceTree = "<group>"; fileEncoding = undefined; lastKnownFileType = unknown; explicitFileType = undefined; includeInIndex = 0; };
/* End PBXFileReference section */

/* Begin PBXFrameworksBuildPhase section */
		00E356EB1AD99517003FC87E /* Frameworks */ = {
			isa = PBXFrameworksBuildPhase;
			buildActionMask = 2147483647;
			files = (
				FBFD9CFD5DB950D9865C2149 /* libPods-project1-project1Tests.a in Frameworks */,
			);
			runOnlyForDeploymentPostprocessing = 0;
		};
		13B07F8C1A680F5B00A75B9A /* Frameworks */ = {
			isa = PBXFrameworksBuildPhase;
			buildActionMask = 2147483647;
			files = (
				7063C5F288B790653048E89D /* libPods-project1.a in Frameworks */,
			);
			runOnlyForDeploymentPostprocessing = 0;
		};
/* End PBXFrameworksBuildPhase section */

/* Begin PBXGroup section */
		00E356EF1AD99517003FC87E /* project1Tests */ = {
			isa = PBXGroup;
			children = (
				00E356F21AD99517003FC87E /* project1Tests.m */,
				00E356F01AD99517003FC87E /* Supporting Files */,
			);
			path = project1Tests;
			sourceTree = "<group>";
		};
		00E356F01AD99517003FC87E /* Supporting Files */ = {
			isa = PBXGroup;
			children = (
				00E356F11AD99517003FC87E /* Info.plist */,
			);
			name = "Supporting Files";
			sourceTree = "<group>";
		};
		13B07FAE1A68108700A75B9A /* project1 */ = {
			isa = PBXGroup;
			children = (
				13B07FAF1A68108700A75B9A /* AppDelegate.h */,
				13B07FB01A68108700A75B9A /* AppDelegate.m */,
				13B07FB51A68108700A75B9A /* Images.xcassets */,
				13B07FB61A68108700A75B9A /* Info.plist */,
				81AB9BB72411601600AC10FF /* LaunchScreen.storyboard */,
				13B07FB71A68108700A75B9A /* main.m */,
			);
			name = project1;
			sourceTree = "<group>";
		};
		2D16E6871FA4F8E400B85C8A /* Frameworks */ = {
			isa = PBXGroup;
			children = (
				ED297162215061F000B7C4FE /* JavaScriptCore.framework */,
				54BFCC0E59E77B4A58FA949E /* libPods-project1.a */,
				D7F2D5C2168873AD56BA46F8 /* libPods-project1-project1Tests.a */,
			);
			name = Frameworks;
			sourceTree = "<group>";
		};
		733BD5B60B7F1A716CF764B2 /* Pods */ = {
			isa = PBXGroup;
			children = (
				725686D525700D716397DDF9 /* Pods-project1.debug.xcconfig */,
				2D515DCA96DAF94ACBB52799 /* Pods-project1.release.xcconfig */,
				F5AAFFDAAF43E4CA2B2D8B40 /* Pods-project1-project1Tests.debug.xcconfig */,
				27CBCFCB39A58EA56D63FD95 /* Pods-project1-project1Tests.release.xcconfig */,
			);
			name = Pods;
			path = Pods;
			sourceTree = "<group>";
		};
		832341AE1AAA6A7D00B99B32 /* Libraries */ = {
			isa = PBXGroup;
			children = (
			);
			name = Libraries;
			sourceTree = "<group>";
		};
		83CBB9F61A601CBA00E9B192 = {
			isa = PBXGroup;
			children = (
				13B07FAE1A68108700A75B9A /* project1 */,
				832341AE1AAA6A7D00B99B32 /* Libraries */,
				00E356EF1AD99517003FC87E /* project1Tests */,
				83CBBA001A601CBA00E9B192 /* Products */,
				2D16E6871FA4F8E400B85C8A /* Frameworks */,
				89A9D31CA9B94B8990626A24 /* Resources */,
				733BD5B60B7F1A716CF764B2 /* Pods */,
			);
			indentWidth = 2;
			sourceTree = "<group>";
			tabWidth = 2;
			usesTabs = 0;
		};
		83CBBA001A601CBA00E9B192 /* Products */ = {
			isa = PBXGroup;
			children = (
				13B07F961A680F5B00A75B9A /* project1.app */,
				00E356EE1AD99517003FC87E /* project1Tests.xctest */,
			);
			name = Products;
			sourceTree = "<group>";
		};
		89A9D31CA9B94B8990626A24 /* Resources */ = {
			isa = PBXGroup;
			children = (
				D5205E7214694A009A50C852 /* Poppins-Black.ttf */,
				D106A3AD81684ED49965EEC7 /* Poppins-BlackItalic.ttf */,
				BFB5CF025CC34091AEF36C4F /* Poppins-Bold.ttf */,
				07CD5EBC57AC409381DEB048 /* Poppins-BoldItalic.ttf */,
				F805D95352E64B6B86837295 /* Poppins-ExtraBold.ttf */,
				2F1C11745D7440CCAEE05547 /* Poppins-ExtraBoldItalic.ttf */,
				5D46797154E94D968038DC4E /* Poppins-ExtraLight.ttf */,
				DACBD09516024C1187346645 /* Poppins-ExtraLightItalic.ttf */,
				D93BDA764DF74EAC866FD113 /* Poppins-Italic.ttf */,
				4F3C04107F224A6CADDDD679 /* Poppins-Light.ttf */,
				390DB0FF3CE040198BA02001 /* Poppins-LightItalic.ttf */,
				7EA845EF676B488D9737C5B0 /* Poppins-Medium.ttf */,
				C9F602EB523C45C485F474AA /* Poppins-MediumItalic.ttf */,
				8033489276C348D382F64562 /* Poppins-Regular.ttf */,
				E25AED2CE1B54D69ADF8A738 /* Poppins-SemiBold.ttf */,
				405DDF846E90478EA3C7D958 /* Poppins-SemiBoldItalic.ttf */,
				CA137E4002F7451B9BE9F9DC /* Poppins-Thin.ttf */,
				72B1B9E4DEBA48B7B077F611 /* Poppins-ThinItalic.ttf */,
				D22DC0FE912445CF94BB8C79 /* AntDesign.ttf */,
				DFF500112FA448A8A7680D0F /* Entypo.ttf */,
				09CAC78B500E4A1CB376CBA5 /* EvilIcons.ttf */,
				D2A2A539A3384D08B451CC7C /* Feather.ttf */,
				FBDF7F89BF4246A8ADBAC186 /* FontAwesome.ttf */,
				C91BFD1DC3D0416A97A801D5 /* FontAwesome5_Brands.ttf */,
				BEFEE9D40E774BC2947EC4BD /* FontAwesome5_Regular.ttf */,
				E73901E6600441DBA508F4C9 /* FontAwesome5_Solid.ttf */,
				1586E75A74C647F59D61DBB5 /* Fontisto.ttf */,
				87597B6644DF419AA5D1C3B7 /* Foundation.ttf */,
				E38637790BD3469080CF648D /* Ionicons.ttf */,
				462490C16978475E939AE106 /* MaterialCommunityIcons.ttf */,
				9A602684D9DB4686B3BE79E3 /* MaterialIcons.ttf */,
				19E9E9AE0BC1468BB00FFD5D /* Octicons.ttf */,
				6AD3792BE4EA4C8EB2B56C79 /* SimpleLineIcons.ttf */,
				38A2D09CCFA648129D4D92FD /* Zocial.ttf */,
			);
			name = Resources;
			path = "";
			sourceTree = "<group>";
		};
/* End PBXGroup section */

/* Begin PBXNativeTarget section */
		00E356ED1AD99517003FC87E /* project1Tests */ = {
			isa = PBXNativeTarget;
			buildConfigurationList = 00E357021AD99517003FC87E /* Build configuration list for PBXNativeTarget "project1Tests" */;
			buildPhases = (
				CEF3FAF79932ED669D0786AE /* [CP] Check Pods Manifest.lock */,
				00E356EA1AD99517003FC87E /* Sources */,
				00E356EB1AD99517003FC87E /* Frameworks */,
				00E356EC1AD99517003FC87E /* Resources */,
				2AAD3AEA0EFB338A0F778D2C /* [CP] Embed Pods Frameworks */,
				4EF132F84C34D2086B7A59DE /* [CP] Copy Pods Resources */,
			);
			buildRules = (
			);
			dependencies = (
				00E356F51AD99517003FC87E /* PBXTargetDependency */,
			);
			name = project1Tests;
			productName = project1Tests;
			productReference = 00E356EE1AD99517003FC87E /* project1Tests.xctest */;
			productType = "com.apple.product-type.bundle.unit-test";
		};
		13B07F861A680F5B00A75B9A /* project1 */ = {
			isa = PBXNativeTarget;
			buildConfigurationList = 13B07F931A680F5B00A75B9A /* Build configuration list for PBXNativeTarget "project1" */;
			buildPhases = (
				0E1FE91D784EC3D42356FE70 /* [CP] Check Pods Manifest.lock */,
				FD10A7F022414F080027D42C /* Start Packager */,
				13B07F871A680F5B00A75B9A /* Sources */,
				13B07F8C1A680F5B00A75B9A /* Frameworks */,
				13B07F8E1A680F5B00A75B9A /* Resources */,
				00DD1BFF1BD5951E006B06BC /* Bundle React Native code and images */,
				2CBA6C855913C131CAFDCE33 /* [CP] Embed Pods Frameworks */,
				A21C447936129102B6E290A3 /* [CP] Copy Pods Resources */,
			);
			buildRules = (
			);
			dependencies = (
			);
			name = project1;
			productName = project1;
			productReference = 13B07F961A680F5B00A75B9A /* project1.app */;
			productType = "com.apple.product-type.application";
		};
/* End PBXNativeTarget section */

/* Begin PBXProject section */
		83CBB9F71A601CBA00E9B192 /* Project object */ = {
			isa = PBXProject;
			attributes = {
				LastUpgradeCheck = 1210;
				TargetAttributes = {
					00E356ED1AD99517003FC87E = {
						CreatedOnToolsVersion = 6.2;
						TestTargetID = 13B07F861A680F5B00A75B9A;
					};
					13B07F861A680F5B00A75B9A = {
						LastSwiftMigration = 1120;
					};
				};
			};
			buildConfigurationList = 83CBB9FA1A601CBA00E9B192 /* Build configuration list for PBXProject "project1" */;
			compatibilityVersion = "Xcode 12.0";
			developmentRegion = en;
			hasScannedForEncodings = 0;
			knownRegions = (
				en,
				Base,
			);
			mainGroup = 83CBB9F61A601CBA00E9B192;
			productRefGroup = 83CBBA001A601CBA00E9B192 /* Products */;
			projectDirPath = "";
			projectRoot = "";
			targets = (
				13B07F861A680F5B00A75B9A /* project1 */,
				00E356ED1AD99517003FC87E /* project1Tests */,
			);
		};
/* End PBXProject section */

/* Begin PBXResourcesBuildPhase section */
		00E356EC1AD99517003FC87E /* Resources */ = {
			isa = PBXResourcesBuildPhase;
			buildActionMask = 2147483647;
			files = (
			);
			runOnlyForDeploymentPostprocessing = 0;
		};
		13B07F8E1A680F5B00A75B9A /* Resources */ = {
			isa = PBXResourcesBuildPhase;
			buildActionMask = 2147483647;
			files = (
				81AB9BB82411601600AC10FF /* LaunchScreen.storyboard in Resources */,
				13B07FBF1A68108700A75B9A /* Images.xcassets in Resources */,
				DC68A1728B2B45EF92740405 /* Poppins-Black.ttf in Resources */,
				11B52180886049289DB1182F /* Poppins-BlackItalic.ttf in Resources */,
				F9E4CD65A2D94E669D7EACCE /* Poppins-Bold.ttf in Resources */,
				84415A1EC4CB4B5BACDCB9CC /* Poppins-BoldItalic.ttf in Resources */,
				BEBDAB56D7B34A9384A5D5AF /* Poppins-ExtraBold.ttf in Resources */,
				A1CE93A7E85E4F4C9ACFA8B2 /* Poppins-ExtraBoldItalic.ttf in Resources */,
				BF1374C65F3F44CFB4116936 /* Poppins-ExtraLight.ttf in Resources */,
				22721CB2ADEC435F8059D54A /* Poppins-ExtraLightItalic.ttf in Resources */,
				BA2FB11B3CBE445D9C5FCA06 /* Poppins-Italic.ttf in Resources */,
				70C05F3A05004BE7AD4E69DB /* Poppins-Light.ttf in Resources */,
				A02D629960874B71BF872F5A /* Poppins-LightItalic.ttf in Resources */,
				460EBF51BB0E42A18664EA3A /* Poppins-Medium.ttf in Resources */,
				D1376F0BBD134587A8B38498 /* Poppins-MediumItalic.ttf in Resources */,
				C74150CFE0434082BA37F5AC /* Poppins-Regular.ttf in Resources */,
				056532F919C3496AAFB82EFE /* Poppins-SemiBold.ttf in Resources */,
				594CF228D78F44399A8EE3DE /* Poppins-SemiBoldItalic.ttf in Resources */,
				095EE2F3BF8144B88F2A6213 /* Poppins-Thin.ttf in Resources */,
				B69824CA782F49FFB4F0D143 /* Poppins-ThinItalic.ttf in Resources */,
				378DF9CBD6DB43C19B3FB0D9 /* AntDesign.ttf in Resources */,
				358C3846B41C4F598EF66D39 /* Entypo.ttf in Resources */,
				AE0A590A29114CF0B05ECF6D /* EvilIcons.ttf in Resources */,
				D6AD79A9A26D4D5A9EEF6763 /* Feather.ttf in Resources */,
				C0444CA0E8A545F6AFFDBACA /* FontAwesome.ttf in Resources */,
				4F0FD14D7AA04E07B2505515 /* FontAwesome5_Brands.ttf in Resources */,
				10A87129C3CB44988D4452AF /* FontAwesome5_Regular.ttf in Resources */,
				E258C0E304814F1CB11EF4A6 /* FontAwesome5_Solid.ttf in Resources */,
				95EC9DCFC14C4C09B967CA41 /* Fontisto.ttf in Resources */,
				A2AE0C0E38484849B44A3C76 /* Foundation.ttf in Resources */,
				75E5CEB8B7AF4926A29B5639 /* Ionicons.ttf in Resources */,
				467038A87F9841B59E245833 /* MaterialCommunityIcons.ttf in Resources */,
				0A29F25554E94A648A4A528D /* MaterialIcons.ttf in Resources */,
				5614104703D44ACA81D713B8 /* Octicons.ttf in Resources */,
				A31D080C050C4E0DA5FE09EC /* SimpleLineIcons.ttf in Resources */,
				099B9FB5E9EA4186BDAD7A57 /* Zocial.ttf in Resources */,
			);
			runOnlyForDeploymentPostprocessing = 0;
		};
/* End PBXResourcesBuildPhase section */

/* Begin PBXShellScriptBuildPhase section */
		00DD1BFF1BD5951E006B06BC /* Bundle React Native code and images */ = {
			isa = PBXShellScriptBuildPhase;
			buildActionMask = 2147483647;
			files = (
			);
			inputPaths = (
			);
			name = "Bundle React Native code and images";
			outputPaths = (
			);
			runOnlyForDeploymentPostprocessing = 0;
			shellPath = /bin/sh;
			shellScript = "set -e\n\nexport NODE_BINARY=node\n../node_modules/react-native/scripts/react-native-xcode.sh\n";
		};
		0E1FE91D784EC3D42356FE70 /* [CP] Check Pods Manifest.lock */ = {
			isa = PBXShellScriptBuildPhase;
			buildActionMask = 2147483647;
			files = (
			);
			inputFileListPaths = (
			);
			inputPaths = (
				"${PODS_PODFILE_DIR_PATH}/Podfile.lock",
				"${PODS_ROOT}/Manifest.lock",
			);
			name = "[CP] Check Pods Manifest.lock";
			outputFileListPaths = (
			);
			outputPaths = (
				"$(DERIVED_FILE_DIR)/Pods-project1-checkManifestLockResult.txt",
			);
			runOnlyForDeploymentPostprocessing = 0;
			shellPath = /bin/sh;
			shellScript = "diff \"${PODS_PODFILE_DIR_PATH}/Podfile.lock\" \"${PODS_ROOT}/Manifest.lock\" > /dev/null\nif [ $? != 0 ] ; then\n    # print error to STDERR\n    echo \"error: The sandbox is not in sync with the Podfile.lock. Run 'pod install' or update your CocoaPods installation.\" >&2\n    exit 1\nfi\n# This output is used by Xcode 'outputs' to avoid re-running this script phase.\necho \"SUCCESS\" > \"${SCRIPT_OUTPUT_FILE_0}\"\n";
			showEnvVarsInLog = 0;
		};
		2AAD3AEA0EFB338A0F778D2C /* [CP] Embed Pods Frameworks */ = {
			isa = PBXShellScriptBuildPhase;
			buildActionMask = 2147483647;
			files = (
			);
			inputFileListPaths = (
				"${PODS_ROOT}/Target Support Files/Pods-project1-project1Tests/Pods-project1-project1Tests-frameworks-${CONFIGURATION}-input-files.xcfilelist",
			);
			name = "[CP] Embed Pods Frameworks";
			outputFileListPaths = (
				"${PODS_ROOT}/Target Support Files/Pods-project1-project1Tests/Pods-project1-project1Tests-frameworks-${CONFIGURATION}-output-files.xcfilelist",
			);
			runOnlyForDeploymentPostprocessing = 0;
			shellPath = /bin/sh;
			shellScript = "\"${PODS_ROOT}/Target Support Files/Pods-project1-project1Tests/Pods-project1-project1Tests-frameworks.sh\"\n";
			showEnvVarsInLog = 0;
		};
		2CBA6C855913C131CAFDCE33 /* [CP] Embed Pods Frameworks */ = {
			isa = PBXShellScriptBuildPhase;
			buildActionMask = 2147483647;
			files = (
			);
			inputFileListPaths = (
				"${PODS_ROOT}/Target Support Files/Pods-project1/Pods-project1-frameworks-${CONFIGURATION}-input-files.xcfilelist",
			);
			name = "[CP] Embed Pods Frameworks";
			outputFileListPaths = (
				"${PODS_ROOT}/Target Support Files/Pods-project1/Pods-project1-frameworks-${CONFIGURATION}-output-files.xcfilelist",
			);
			runOnlyForDeploymentPostprocessing = 0;
			shellPath = /bin/sh;
			shellScript = "\"${PODS_ROOT}/Target Support Files/Pods-project1/Pods-project1-frameworks.sh\"\n";
			showEnvVarsInLog = 0;
		};
		4EF132F84C34D2086B7A59DE /* [CP] Copy Pods Resources */ = {
			isa = PBXShellScriptBuildPhase;
			buildActionMask = 2147483647;
			files = (
			);
			inputFileListPaths = (
				"${PODS_ROOT}/Target Support Files/Pods-project1-project1Tests/Pods-project1-project1Tests-resources-${CONFIGURATION}-input-files.xcfilelist",
			);
			name = "[CP] Copy Pods Resources";
			outputFileListPaths = (
				"${PODS_ROOT}/Target Support Files/Pods-project1-project1Tests/Pods-project1-project1Tests-resources-${CONFIGURATION}-output-files.xcfilelist",
			);
			runOnlyForDeploymentPostprocessing = 0;
			shellPath = /bin/sh;
			shellScript = "\"${PODS_ROOT}/Target Support Files/Pods-project1-project1Tests/Pods-project1-project1Tests-resources.sh\"\n";
			showEnvVarsInLog = 0;
		};
		A21C447936129102B6E290A3 /* [CP] Copy Pods Resources */ = {
			isa = PBXShellScriptBuildPhase;
			buildActionMask = 2147483647;
			files = (
			);
			inputFileListPaths = (
				"${PODS_ROOT}/Target Support Files/Pods-project1/Pods-project1-resources-${CONFIGURATION}-input-files.xcfilelist",
			);
			name = "[CP] Copy Pods Resources";
			outputFileListPaths = (
				"${PODS_ROOT}/Target Support Files/Pods-project1/Pods-project1-resources-${CONFIGURATION}-output-files.xcfilelist",
			);
			runOnlyForDeploymentPostprocessing = 0;
			shellPath = /bin/sh;
			shellScript = "\"${PODS_ROOT}/Target Support Files/Pods-project1/Pods-project1-resources.sh\"\n";
			showEnvVarsInLog = 0;
		};
		CEF3FAF79932ED669D0786AE /* [CP] Check Pods Manifest.lock */ = {
			isa = PBXShellScriptBuildPhase;
			buildActionMask = 2147483647;
			files = (
			);
			inputFileListPaths = (
			);
			inputPaths = (
				"${PODS_PODFILE_DIR_PATH}/Podfile.lock",
				"${PODS_ROOT}/Manifest.lock",
			);
			name = "[CP] Check Pods Manifest.lock";
			outputFileListPaths = (
			);
			outputPaths = (
				"$(DERIVED_FILE_DIR)/Pods-project1-project1Tests-checkManifestLockResult.txt",
			);
			runOnlyForDeploymentPostprocessing = 0;
			shellPath = /bin/sh;
			shellScript = "diff \"${PODS_PODFILE_DIR_PATH}/Podfile.lock\" \"${PODS_ROOT}/Manifest.lock\" > /dev/null\nif [ $? != 0 ] ; then\n    # print error to STDERR\n    echo \"error: The sandbox is not in sync with the Podfile.lock. Run 'pod install' or update your CocoaPods installation.\" >&2\n    exit 1\nfi\n# This output is used by Xcode 'outputs' to avoid re-running this script phase.\necho \"SUCCESS\" > \"${SCRIPT_OUTPUT_FILE_0}\"\n";
			showEnvVarsInLog = 0;
		};
		FD10A7F022414F080027D42C /* Start Packager */ = {
			isa = PBXShellScriptBuildPhase;
			buildActionMask = 2147483647;
			files = (
			);
			inputFileListPaths = (
			);
			inputPaths = (
			);
			name = "Start Packager";
			outputFileListPaths = (
			);
			outputPaths = (
			);
			runOnlyForDeploymentPostprocessing = 0;
			shellPath = /bin/sh;
			shellScript = "export RCT_METRO_PORT=\"${RCT_METRO_PORT:=8081}\"\necho \"export RCT_METRO_PORT=${RCT_METRO_PORT}\" > \"${SRCROOT}/../node_modules/react-native/scripts/.packager.env\"\nif [ -z \"${RCT_NO_LAUNCH_PACKAGER+xxx}\" ] ; then\n  if nc -w 5 -z localhost ${RCT_METRO_PORT} ; then\n    if ! curl -s \"http://localhost:${RCT_METRO_PORT}/status\" | grep -q \"packager-status:running\" ; then\n      echo \"Port ${RCT_METRO_PORT} already in use, packager is either not running or not running correctly\"\n      exit 2\n    fi\n  else\n    open \"$SRCROOT/../node_modules/react-native/scripts/launchPackager.command\" || echo \"Can't start packager automatically\"\n  fi\nfi\n";
			showEnvVarsInLog = 0;
		};
/* End PBXShellScriptBuildPhase section */

/* Begin PBXSourcesBuildPhase section */
		00E356EA1AD99517003FC87E /* Sources */ = {
			isa = PBXSourcesBuildPhase;
			buildActionMask = 2147483647;
			files = (
				00E356F31AD99517003FC87E /* project1Tests.m in Sources */,
			);
			runOnlyForDeploymentPostprocessing = 0;
		};
		13B07F871A680F5B00A75B9A /* Sources */ = {
			isa = PBXSourcesBuildPhase;
			buildActionMask = 2147483647;
			files = (
				13B07FBC1A68108700A75B9A /* AppDelegate.m in Sources */,
				13B07FC11A68108700A75B9A /* main.m in Sources */,
			);
			runOnlyForDeploymentPostprocessing = 0;
		};
/* End PBXSourcesBuildPhase section */

/* Begin PBXTargetDependency section */
		00E356F51AD99517003FC87E /* PBXTargetDependency */ = {
			isa = PBXTargetDependency;
			target = 13B07F861A680F5B00A75B9A /* project1 */;
			targetProxy = 00E356F41AD99517003FC87E /* PBXContainerItemProxy */;
		};
/* End PBXTargetDependency section */

/* Begin XCBuildConfiguration section */
		00E356F61AD99517003FC87E /* Debug */ = {
			isa = XCBuildConfiguration;
			baseConfigurationReference = F5AAFFDAAF43E4CA2B2D8B40 /* Pods-project1-project1Tests.debug.xcconfig */;
			buildSettings = {
				BUNDLE_LOADER = "$(TEST_HOST)";
				GCC_PREPROCESSOR_DEFINITIONS = (
					"DEBUG=1",
					"$(inherited)",
				);
				INFOPLIST_FILE = project1Tests/Info.plist;
				IPHONEOS_DEPLOYMENT_TARGET = 11.0;
				LD_RUNPATH_SEARCH_PATHS = (
					"$(inherited)",
					"@executable_path/Frameworks",
					"@loader_path/Frameworks",
				);
				OTHER_LDFLAGS = (
					"-ObjC",
					"-lc++",
					"$(inherited)",
				);
				PRODUCT_BUNDLE_IDENTIFIER = "org.reactjs.native.example.$(PRODUCT_NAME:rfc1034identifier)";
				PRODUCT_NAME = "$(TARGET_NAME)";
				TEST_HOST = "$(BUILT_PRODUCTS_DIR)/project1.app/project1";
			};
			name = Debug;
		};
		00E356F71AD99517003FC87E /* Release */ = {
			isa = XCBuildConfiguration;
			baseConfigurationReference = 27CBCFCB39A58EA56D63FD95 /* Pods-project1-project1Tests.release.xcconfig */;
			buildSettings = {
				BUNDLE_LOADER = "$(TEST_HOST)";
				COPY_PHASE_STRIP = NO;
				INFOPLIST_FILE = project1Tests/Info.plist;
				IPHONEOS_DEPLOYMENT_TARGET = 11.0;
				LD_RUNPATH_SEARCH_PATHS = (
					"$(inherited)",
					"@executable_path/Frameworks",
					"@loader_path/Frameworks",
				);
				OTHER_LDFLAGS = (
					"-ObjC",
					"-lc++",
					"$(inherited)",
				);
				PRODUCT_BUNDLE_IDENTIFIER = "org.reactjs.native.example.$(PRODUCT_NAME:rfc1034identifier)";
				PRODUCT_NAME = "$(TARGET_NAME)";
				TEST_HOST = "$(BUILT_PRODUCTS_DIR)/project1.app/project1";
			};
			name = Release;
		};
		13B07F941A680F5B00A75B9A /* Debug */ = {
			isa = XCBuildConfiguration;
			baseConfigurationReference = 725686D525700D716397DDF9 /* Pods-project1.debug.xcconfig */;
			buildSettings = {
				ASSETCATALOG_COMPILER_APPICON_NAME = AppIcon;
				CLANG_ENABLE_MODULES = YES;
				CURRENT_PROJECT_VERSION = 1;
				ENABLE_BITCODE = NO;
				INFOPLIST_FILE = project1/Info.plist;
				LD_RUNPATH_SEARCH_PATHS = (
					"$(inherited)",
					"@executable_path/Frameworks",
				);
				OTHER_LDFLAGS = (
					"$(inherited)",
					"-ObjC",
					"-lc++",
				);
				PRODUCT_BUNDLE_IDENTIFIER = "org.reactjs.native.example.$(PRODUCT_NAME:rfc1034identifier)";
				PRODUCT_NAME = project1;
				SWIFT_OPTIMIZATION_LEVEL = "-Onone";
				SWIFT_VERSION = 5.0;
				VERSIONING_SYSTEM = "apple-generic";
			};
			name = Debug;
		};
		13B07F951A680F5B00A75B9A /* Release */ = {
			isa = XCBuildConfiguration;
			baseConfigurationReference = 2D515DCA96DAF94ACBB52799 /* Pods-project1.release.xcconfig */;
			buildSettings = {
				ASSETCATALOG_COMPILER_APPICON_NAME = AppIcon;
				CLANG_ENABLE_MODULES = YES;
				CURRENT_PROJECT_VERSION = 1;
				INFOPLIST_FILE = project1/Info.plist;
				LD_RUNPATH_SEARCH_PATHS = (
					"$(inherited)",
					"@executable_path/Frameworks",
				);
				OTHER_LDFLAGS = (
					"$(inherited)",
					"-ObjC",
					"-lc++",
				);
				PRODUCT_BUNDLE_IDENTIFIER = "org.reactjs.native.example.$(PRODUCT_NAME:rfc1034identifier)";
				PRODUCT_NAME = project1;
				SWIFT_VERSION = 5.0;
				VERSIONING_SYSTEM = "apple-generic";
			};
			name = Release;
		};
		83CBBA201A601CBA00E9B192 /* Debug */ = {
			isa = XCBuildConfiguration;
			buildSettings = {
				ALWAYS_SEARCH_USER_PATHS = NO;
				CLANG_ANALYZER_LOCALIZABILITY_NONLOCALIZED = YES;
				CLANG_CXX_LANGUAGE_STANDARD = "gnu++0x";
				CLANG_CXX_LIBRARY = "libc++";
				CLANG_ENABLE_MODULES = YES;
				CLANG_ENABLE_OBJC_ARC = YES;
				CLANG_WARN_BLOCK_CAPTURE_AUTORELEASING = YES;
				CLANG_WARN_BOOL_CONVERSION = YES;
				CLANG_WARN_COMMA = YES;
				CLANG_WARN_CONSTANT_CONVERSION = YES;
				CLANG_WARN_DEPRECATED_OBJC_IMPLEMENTATIONS = YES;
				CLANG_WARN_DIRECT_OBJC_ISA_USAGE = YES_ERROR;
				CLANG_WARN_EMPTY_BODY = YES;
				CLANG_WARN_ENUM_CONVERSION = YES;
				CLANG_WARN_INFINITE_RECURSION = YES;
				CLANG_WARN_INT_CONVERSION = YES;
				CLANG_WARN_NON_LITERAL_NULL_CONVERSION = YES;
				CLANG_WARN_OBJC_IMPLICIT_RETAIN_SELF = YES;
				CLANG_WARN_OBJC_LITERAL_CONVERSION = YES;
				CLANG_WARN_OBJC_ROOT_CLASS = YES_ERROR;
				CLANG_WARN_QUOTED_INCLUDE_IN_FRAMEWORK_HEADER = YES;
				CLANG_WARN_RANGE_LOOP_ANALYSIS = YES;
				CLANG_WARN_STRICT_PROTOTYPES = YES;
				CLANG_WARN_SUSPICIOUS_MOVE = YES;
				CLANG_WARN_UNREACHABLE_CODE = YES;
				CLANG_WARN__DUPLICATE_METHOD_MATCH = YES;
				"CODE_SIGN_IDENTITY[sdk=iphoneos*]" = "iPhone Developer";
				COPY_PHASE_STRIP = NO;
				ENABLE_STRICT_OBJC_MSGSEND = YES;
				ENABLE_TESTABILITY = YES;
				"EXCLUDED_ARCHS[sdk=iphonesimulator*]" = "arm64 ";
				GCC_C_LANGUAGE_STANDARD = gnu99;
				GCC_DYNAMIC_NO_PIC = NO;
				GCC_NO_COMMON_BLOCKS = YES;
				GCC_OPTIMIZATION_LEVEL = 0;
				GCC_PREPROCESSOR_DEFINITIONS = (
					"DEBUG=1",
					"$(inherited)",
				);
				GCC_SYMBOLS_PRIVATE_EXTERN = NO;
				GCC_WARN_64_TO_32_BIT_CONVERSION = YES;
				GCC_WARN_ABOUT_RETURN_TYPE = YES_ERROR;
				GCC_WARN_UNDECLARED_SELECTOR = YES;
				GCC_WARN_UNINITIALIZED_AUTOS = YES_AGGRESSIVE;
				GCC_WARN_UNUSED_FUNCTION = YES;
				GCC_WARN_UNUSED_VARIABLE = YES;
				IPHONEOS_DEPLOYMENT_TARGET = 11.0;
				LD_RUNPATH_SEARCH_PATHS = (
					/usr/lib/swift,
					"$(inherited)",
				);
				LIBRARY_SEARCH_PATHS = (
					"\"$(TOOLCHAIN_DIR)/usr/lib/swift/$(PLATFORM_NAME)\"",
					"\"$(TOOLCHAIN_DIR)/usr/lib/swift-5.0/$(PLATFORM_NAME)\"",
					"\"$(inherited)\"",
				);
				MTL_ENABLE_DEBUG_INFO = YES;
				ONLY_ACTIVE_ARCH = YES;
				SDKROOT = iphoneos;
			};
			name = Debug;
		};
		83CBBA211A601CBA00E9B192 /* Release */ = {
			isa = XCBuildConfiguration;
			buildSettings = {
				ALWAYS_SEARCH_USER_PATHS = NO;
				CLANG_ANALYZER_LOCALIZABILITY_NONLOCALIZED = YES;
				CLANG_CXX_LANGUAGE_STANDARD = "gnu++0x";
				CLANG_CXX_LIBRARY = "libc++";
				CLANG_ENABLE_MODULES = YES;
				CLANG_ENABLE_OBJC_ARC = YES;
				CLANG_WARN_BLOCK_CAPTURE_AUTORELEASING = YES;
				CLANG_WARN_BOOL_CONVERSION = YES;
				CLANG_WARN_COMMA = YES;
				CLANG_WARN_CONSTANT_CONVERSION = YES;
				CLANG_WARN_DEPRECATED_OBJC_IMPLEMENTATIONS = YES;
				CLANG_WARN_DIRECT_OBJC_ISA_USAGE = YES_ERROR;
				CLANG_WARN_EMPTY_BODY = YES;
				CLANG_WARN_ENUM_CONVERSION = YES;
				CLANG_WARN_INFINITE_RECURSION = YES;
				CLANG_WARN_INT_CONVERSION = YES;
				CLANG_WARN_NON_LITERAL_NULL_CONVERSION = YES;
				CLANG_WARN_OBJC_IMPLICIT_RETAIN_SELF = YES;
				CLANG_WARN_OBJC_LITERAL_CONVERSION = YES;
				CLANG_WARN_OBJC_ROOT_CLASS = YES_ERROR;
				CLANG_WARN_QUOTED_INCLUDE_IN_FRAMEWORK_HEADER = YES;
				CLANG_WARN_RANGE_LOOP_ANALYSIS = YES;
				CLANG_WARN_STRICT_PROTOTYPES = YES;
				CLANG_WARN_SUSPICIOUS_MOVE = YES;
				CLANG_WARN_UNREACHABLE_CODE = YES;
				CLANG_WARN__DUPLICATE_METHOD_MATCH = YES;
				"CODE_SIGN_IDENTITY[sdk=iphoneos*]" = "iPhone Developer";
				COPY_PHASE_STRIP = YES;
				ENABLE_NS_ASSERTIONS = NO;
				ENABLE_STRICT_OBJC_MSGSEND = YES;
				"EXCLUDED_ARCHS[sdk=iphonesimulator*]" = "arm64 ";
				GCC_C_LANGUAGE_STANDARD = gnu99;
				GCC_NO_COMMON_BLOCKS = YES;
				GCC_WARN_64_TO_32_BIT_CONVERSION = YES;
				GCC_WARN_ABOUT_RETURN_TYPE = YES_ERROR;
				GCC_WARN_UNDECLARED_SELECTOR = YES;
				GCC_WARN_UNINITIALIZED_AUTOS = YES_AGGRESSIVE;
				GCC_WARN_UNUSED_FUNCTION = YES;
				GCC_WARN_UNUSED_VARIABLE = YES;
				IPHONEOS_DEPLOYMENT_TARGET = 11.0;
				LD_RUNPATH_SEARCH_PATHS = (
					/usr/lib/swift,
					"$(inherited)",
				);
				LIBRARY_SEARCH_PATHS = (
					"\"$(TOOLCHAIN_DIR)/usr/lib/swift/$(PLATFORM_NAME)\"",
					"\"$(TOOLCHAIN_DIR)/usr/lib/swift-5.0/$(PLATFORM_NAME)\"",
					"\"$(inherited)\"",
				);
				MTL_ENABLE_DEBUG_INFO = NO;
				SDKROOT = iphoneos;
				VALIDATE_PRODUCT = YES;
			};
			name = Release;
		};
/* End XCBuildConfiguration section */

/* Begin XCConfigurationList section */
		00E357021AD99517003FC87E /* Build configuration list for PBXNativeTarget "project1Tests" */ = {
			isa = XCConfigurationList;
			buildConfigurations = (
				00E356F61AD99517003FC87E /* Debug */,
				00E356F71AD99517003FC87E /* Release */,
			);
			defaultConfigurationIsVisible = 0;
			defaultConfigurationName = Release;
		};
		13B07F931A680F5B00A75B9A /* Build configuration list for PBXNativeTarget "project1" */ = {
			isa = XCConfigurationList;
			buildConfigurations = (
				13B07F941A680F5B00A75B9A /* Debug */,
				13B07F951A680F5B00A75B9A /* Release */,
			);
			defaultConfigurationIsVisible = 0;
			defaultConfigurationName = Release;
		};
		83CBB9FA1A601CBA00E9B192 /* Build configuration list for PBXProject "project1" */ = {
			isa = XCConfigurationList;
			buildConfigurations = (
				83CBBA201A601CBA00E9B192 /* Debug */,
				83CBBA211A601CBA00E9B192 /* Release */,
			);
			defaultConfigurationIsVisible = 0;
			defaultConfigurationName = Release;
		};
/* End XCConfigurationList section */
	};
	rootObject = 83CBB9F71A601CBA00E9B192 /* Project object */;
}
